
Microsoft Visual Studio Solution File, Format Version 12.00
# Visual Studio Version 17
VisualStudioVersion = 17.2.32526.322
MinimumVisualStudioVersion = 10.0.40219.1
Project("{FAE04EC0-301F-11D3-BF4B-00C04F79EFBC}") = "my-book", "my-book\my-book.csproj", "{3A598161-F31B-4FFD-90A4-F5CDCD18B572}"
EndProject
Global
	GlobalSection(SolutionConfigurationPlatforms) = preSolution
		Debug|Any CPU = Debug|Any CPU
		Release|Any CPU = Release|Any CPU
	EndGlobalSection
	GlobalSection(ProjectConfigurationPlatforms) = postSolution
		{3A598161-F31B-4FFD-90A4-F5CDCD18B572}.Debug|Any CPU.ActiveCfg = Debug|Any CPU
		{3A598161-F31B-4FFD-90A4-F5CDCD18B572}.Debug|Any CPU.Build.0 = Debug|Any CPU
		{3A598161-F31B-4FFD-90A4-F5CDCD18B572}.Release|Any CPU.ActiveCfg = Release|Any CPU
		{3A598161-F31B-4FFD-90A4-F5CDCD18B572}.Release|Any CPU.Build.0 = Release|Any CPU
	EndGlobalSection
	GlobalSection(SolutionProperties) = preSolution
		HideSolutionNode = FALSE
	EndGlobalSection
	GlobalSection(ExtensibilityGlobals) = postSolution
		SolutionGuid = {69455743-7DF4-493B-BF5A-ABAAA2EE6C11}
	EndGlobalSection
EndGlobal
